
Microsoft Visual Studio Solution File, Format Version 12.00
# Visual Studio 15
VisualStudioVersion = 15.0.27703.2035
MinimumVisualStudioVersion = 10.0.40219.1
Project("{9A19103F-16F7-4668-BE54-9A1E7A4F7556}") = "Cardlytics.BasicApi", "Cardlytics.BasicApi\Cardlytics.BasicApi.csproj", "{DD266E08-FF1A-4D99-A81C-36C77A117D56}"
EndProject
Project("{9A19103F-16F7-4668-BE54-9A1E7A4F7556}") = "Cardlytics.BasicApi.Tests", "Cardlytics.BasicApi.Tests\Cardlytics.BasicApi.Tests.csproj", "{643E3977-B2CA-4332-A1E3-A5643752F4FE}"
EndProject
Global
	GlobalSection(SolutionConfigurationPlatforms) = preSolution
		Debug|Any CPU = Debug|Any CPU
		Release|Any CPU = Release|Any CPU
	EndGlobalSection
	GlobalSection(ProjectConfigurationPlatforms) = postSolution
		{DD266E08-FF1A-4D99-A81C-36C77A117D56}.Debug|Any CPU.ActiveCfg = Debug|Any CPU
		{DD266E08-FF1A-4D99-A81C-36C77A117D56}.Debug|Any CPU.Build.0 = Debug|Any CPU
		{DD266E08-FF1A-4D99-A81C-36C77A117D56}.Release|Any CPU.ActiveCfg = Release|Any CPU
		{DD266E08-FF1A-4D99-A81C-36C77A117D56}.Release|Any CPU.Build.0 = Release|Any CPU
		{643E3977-B2CA-4332-A1E3-A5643752F4FE}.Debug|Any CPU.ActiveCfg = Debug|Any CPU
		{643E3977-B2CA-4332-A1E3-A5643752F4FE}.Debug|Any CPU.Build.0 = Debug|Any CPU
		{643E3977-B2CA-4332-A1E3-A5643752F4FE}.Release|Any CPU.ActiveCfg = Release|Any CPU
		{643E3977-B2CA-4332-A1E3-A5643752F4FE}.Release|Any CPU.Build.0 = Release|Any CPU
	EndGlobalSection
	GlobalSection(SolutionProperties) = preSolution
		HideSolutionNode = FALSE
	EndGlobalSection
	GlobalSection(ExtensibilityGlobals) = postSolution
		SolutionGuid = {A0A2E410-2A81-40F3-A61D-C6E5D8F5EBA4}
	EndGlobalSection
EndGlobal
